{
  "name": "@guanghechen/node",
  "version": "0.0.0",
  "lockfileVersion": 3,
  "requires": true,
  "packages": {
    "": {
      "name": "@guanghechen/node",
      "version": "0.0.0",
      "dependencies": {
        "@guanghechen/stl": "file:lib/stl"
      },
      "devDependencies": {}
    },
    "lib/stl": {
      "name": "@guanghechen/stl",
      "version": "0.0.0"
    },
    "node_modules/@guanghechen/stl": {
      "resolved": "lib/stl",
      "link": true
    },
    "yozai/stl": {
      "name": "@yozai/stl",
      "version": "0.0.0",
      "extraneous": true
    }
  }
}
