# THIS IS AN AUTOGENERATED FILE. DO NOT EDIT THIS FILE DIRECTLY.
# yarn lockfile v1


dayjs@^1.11.18:
  version "1.11.18"
  resolved "https://registry.yarnpkg.com/dayjs/-/dayjs-1.11.18.tgz#835fa712aac52ab9dec8b1494098774ed7070a11"
  integrity sha512-zFBQ7WFRvVRhKcWoUh+ZA1g2HVgUbsZm9sbddh8EC5iv93sui8DVVz1Npvz+r6meo9VKfa8NyLWBsQK1VvIKPA==

uuid@13.0.0:
  version "13.0.0"
  resolved "https://registry.yarnpkg.com/uuid/-/uuid-13.0.0.tgz#263dc341b19b4d755eb8fe36b78d95a6b65707e8"
  integrity sha512-XQegIaBTVUjSHliKqcnFqYypAd4S+WCYt5NIeRs6w/UAry7z8Y9j5ZwRRL4kzq9U3sD6v+85er9FvkEaBpji2w==
